
Microsoft Visual Studio Solution File, Format Version 12.00
# Visual Studio Version 17
VisualStudioVersion = 17.7.34031.279
MinimumVisualStudioVersion = 10.0.40219.1
Project("{9A19103F-16F7-4668-BE54-9A1E7A4F7556}") = "XJSC.API", "XJSC.API\XJSC.API.csproj", "{DB1C935D-3F08-482C-8F9D-037AED97A5C6}"
EndProject
Project("{FAE04EC0-301F-11D3-BF4B-00C04F79EFBC}") = "CRM.DTOs", "CRM.DTOs\CRM.DTOs.csproj", "{667D0D77-A33B-4CA5-81A5-4D89AB74CBE8}"
EndProject
Project("{FAE04EC0-301F-11D3-BF4B-00C04F79EFBC}") = "XJSC.AppWebMVC", "XJSC.AppWebMVC\XJSC.AppWebMVC.csproj", "{850A2AF7-C72C-4614-A3D3-6B44450BE454}"
EndProject
Global
	GlobalSection(SolutionConfigurationPlatforms) = preSolution
		Debug|Any CPU = Debug|Any CPU
		Release|Any CPU = Release|Any CPU
	EndGlobalSection
	GlobalSection(ProjectConfigurationPlatforms) = postSolution
		{DB1C935D-3F08-482C-8F9D-037AED97A5C6}.Debug|Any CPU.ActiveCfg = Debug|Any CPU
		{DB1C935D-3F08-482C-8F9D-037AED97A5C6}.Debug|Any CPU.Build.0 = Debug|Any CPU
		{DB1C935D-3F08-482C-8F9D-037AED97A5C6}.Release|Any CPU.ActiveCfg = Release|Any CPU
		{DB1C935D-3F08-482C-8F9D-037AED97A5C6}.Release|Any CPU.Build.0 = Release|Any CPU
		{667D0D77-A33B-4CA5-81A5-4D89AB74CBE8}.Debug|Any CPU.ActiveCfg = Debug|Any CPU
		{667D0D77-A33B-4CA5-81A5-4D89AB74CBE8}.Debug|Any CPU.Build.0 = Debug|Any CPU
		{667D0D77-A33B-4CA5-81A5-4D89AB74CBE8}.Release|Any CPU.ActiveCfg = Release|Any CPU
		{667D0D77-A33B-4CA5-81A5-4D89AB74CBE8}.Release|Any CPU.Build.0 = Release|Any CPU
		{850A2AF7-C72C-4614-A3D3-6B44450BE454}.Debug|Any CPU.ActiveCfg = Debug|Any CPU
		{850A2AF7-C72C-4614-A3D3-6B44450BE454}.Debug|Any CPU.Build.0 = Debug|Any CPU
		{850A2AF7-C72C-4614-A3D3-6B44450BE454}.Release|Any CPU.ActiveCfg = Release|Any CPU
		{850A2AF7-C72C-4614-A3D3-6B44450BE454}.Release|Any CPU.Build.0 = Release|Any CPU
	EndGlobalSection
	GlobalSection(SolutionProperties) = preSolution
		HideSolutionNode = FALSE
	EndGlobalSection
	GlobalSection(ExtensibilityGlobals) = postSolution
		SolutionGuid = {DA79627A-D303-4935-AFBD-0B4FAD610FA5}
	EndGlobalSection
EndGlobal
